
Microsoft Visual Studio Solution File, Format Version 12.00
# Visual Studio Version 17
VisualStudioVersion = 17.0.31903.59
MinimumVisualStudioVersion = 10.0.40219.1
Project("{2150E333-8FDC-42A3-9474-1A3956D46DE8}") = "src", "src", "{41583E31-D077-44E7-AE26-212AC0CA5EDA}"
EndProject
Project("{2150E333-8FDC-42A3-9474-1A3956D46DE8}") = "Frameworks", "Frameworks", "{12E0AB91-978B-4B2C-8355-1CF0DF92EEDA}"
EndProject
Project("{2150E333-8FDC-42A3-9474-1A3956D46DE8}") = "Services", "Services", "{84C933FE-B431-4894-9715-C6FA89B36147}"
EndProject
Project("{FAE04EC0-301F-11D3-BF4B-00C04F79EFBC}") = "UpWatch.Configuration", "src\Frameworks\UpWatch.Configuration\UpWatch.Configuration.csproj", "{C7B0385B-9796-4991-8BD9-EE97D301B176}"
EndProject
Project("{FAE04EC0-301F-11D3-BF4B-00C04F79EFBC}") = "UpWatch.API", "src\Frameworks\UpWatch.API\UpWatch.API.csproj", "{16B80EC4-823F-481F-9B83-916BC1F08E4D}"
EndProject
Project("{2150E333-8FDC-42A3-9474-1A3956D46DE8}") = "Auth", "Auth", "{8D7FEDE3-D066-455D-A230-2DFB85708217}"
EndProject
Project("{FAE04EC0-301F-11D3-BF4B-00C04F79EFBC}") = "Auth.Api", "src\Services\Auth\Auth.Api\Auth.Api.csproj", "{CCA236C9-32DF-440B-B300-01B58AA3B8DB}"
EndProject
Project("{FAE04EC0-301F-11D3-BF4B-00C04F79EFBC}") = "Auth.Application", "src\Services\Auth\Auth.Application\Auth.Application.csproj", "{FEFF1A3E-1C25-4BD1-8196-9BD8E99C8324}"
EndProject
Project("{FAE04EC0-301F-11D3-BF4B-00C04F79EFBC}") = "Auth.Domain", "src\Services\Auth\Auth.Domain\Auth.Domain.csproj", "{59B4EDE7-7A63-4A8D-8B8F-7EF186857544}"
EndProject
Project("{FAE04EC0-301F-11D3-BF4B-00C04F79EFBC}") = "Auth.Infrastructure", "src\Services\Auth\Auth.Infrastructure\Auth.Infrastructure.csproj", "{606EA2F1-4264-4550-AC49-204AF67DFCE4}"
EndProject
Global
	GlobalSection(SolutionConfigurationPlatforms) = preSolution
		Debug|Any CPU = Debug|Any CPU
		Release|Any CPU = Release|Any CPU
	EndGlobalSection
	GlobalSection(SolutionProperties) = preSolution
		HideSolutionNode = FALSE
	EndGlobalSection
	GlobalSection(ProjectConfigurationPlatforms) = postSolution
		{C7B0385B-9796-4991-8BD9-EE97D301B176}.Debug|Any CPU.ActiveCfg = Debug|Any CPU
		{C7B0385B-9796-4991-8BD9-EE97D301B176}.Debug|Any CPU.Build.0 = Debug|Any CPU
		{C7B0385B-9796-4991-8BD9-EE97D301B176}.Release|Any CPU.ActiveCfg = Release|Any CPU
		{C7B0385B-9796-4991-8BD9-EE97D301B176}.Release|Any CPU.Build.0 = Release|Any CPU
		{16B80EC4-823F-481F-9B83-916BC1F08E4D}.Debug|Any CPU.ActiveCfg = Debug|Any CPU
		{16B80EC4-823F-481F-9B83-916BC1F08E4D}.Debug|Any CPU.Build.0 = Debug|Any CPU
		{16B80EC4-823F-481F-9B83-916BC1F08E4D}.Release|Any CPU.ActiveCfg = Release|Any CPU
		{16B80EC4-823F-481F-9B83-916BC1F08E4D}.Release|Any CPU.Build.0 = Release|Any CPU
		{CCA236C9-32DF-440B-B300-01B58AA3B8DB}.Debug|Any CPU.ActiveCfg = Debug|Any CPU
		{CCA236C9-32DF-440B-B300-01B58AA3B8DB}.Debug|Any CPU.Build.0 = Debug|Any CPU
		{CCA236C9-32DF-440B-B300-01B58AA3B8DB}.Release|Any CPU.ActiveCfg = Release|Any CPU
		{CCA236C9-32DF-440B-B300-01B58AA3B8DB}.Release|Any CPU.Build.0 = Release|Any CPU
		{FEFF1A3E-1C25-4BD1-8196-9BD8E99C8324}.Debug|Any CPU.ActiveCfg = Debug|Any CPU
		{FEFF1A3E-1C25-4BD1-8196-9BD8E99C8324}.Debug|Any CPU.Build.0 = Debug|Any CPU
		{FEFF1A3E-1C25-4BD1-8196-9BD8E99C8324}.Release|Any CPU.ActiveCfg = Release|Any CPU
		{FEFF1A3E-1C25-4BD1-8196-9BD8E99C8324}.Release|Any CPU.Build.0 = Release|Any CPU
		{59B4EDE7-7A63-4A8D-8B8F-7EF186857544}.Debug|Any CPU.ActiveCfg = Debug|Any CPU
		{59B4EDE7-7A63-4A8D-8B8F-7EF186857544}.Debug|Any CPU.Build.0 = Debug|Any CPU
		{59B4EDE7-7A63-4A8D-8B8F-7EF186857544}.Release|Any CPU.ActiveCfg = Release|Any CPU
		{59B4EDE7-7A63-4A8D-8B8F-7EF186857544}.Release|Any CPU.Build.0 = Release|Any CPU
		{606EA2F1-4264-4550-AC49-204AF67DFCE4}.Debug|Any CPU.ActiveCfg = Debug|Any CPU
		{606EA2F1-4264-4550-AC49-204AF67DFCE4}.Debug|Any CPU.Build.0 = Debug|Any CPU
		{606EA2F1-4264-4550-AC49-204AF67DFCE4}.Release|Any CPU.ActiveCfg = Release|Any CPU
		{606EA2F1-4264-4550-AC49-204AF67DFCE4}.Release|Any CPU.Build.0 = Release|Any CPU
	EndGlobalSection
	GlobalSection(NestedProjects) = preSolution
		{12E0AB91-978B-4B2C-8355-1CF0DF92EEDA} = {41583E31-D077-44E7-AE26-212AC0CA5EDA}
		{84C933FE-B431-4894-9715-C6FA89B36147} = {41583E31-D077-44E7-AE26-212AC0CA5EDA}
		{C7B0385B-9796-4991-8BD9-EE97D301B176} = {12E0AB91-978B-4B2C-8355-1CF0DF92EEDA}
		{16B80EC4-823F-481F-9B83-916BC1F08E4D} = {12E0AB91-978B-4B2C-8355-1CF0DF92EEDA}
		{8D7FEDE3-D066-455D-A230-2DFB85708217} = {84C933FE-B431-4894-9715-C6FA89B36147}
		{CCA236C9-32DF-440B-B300-01B58AA3B8DB} = {8D7FEDE3-D066-455D-A230-2DFB85708217}
		{FEFF1A3E-1C25-4BD1-8196-9BD8E99C8324} = {8D7FEDE3-D066-455D-A230-2DFB85708217}
		{59B4EDE7-7A63-4A8D-8B8F-7EF186857544} = {8D7FEDE3-D066-455D-A230-2DFB85708217}
		{606EA2F1-4264-4550-AC49-204AF67DFCE4} = {8D7FEDE3-D066-455D-A230-2DFB85708217}
	EndGlobalSection
EndGlobal
