
Microsoft Visual Studio Solution File, Format Version 12.00
# Visual Studio Version 17
VisualStudioVersion = 17.0.31903.59
MinimumVisualStudioVersion = 10.0.40219.1
Project("{2150E333-8FDC-42A3-9474-1A3956D46DE8}") = "src", "src", "{41583E31-D077-44E7-AE26-212AC0CA5EDA}"
EndProject
Project("{2150E333-8FDC-42A3-9474-1A3956D46DE8}") = "Frameworks", "Frameworks", "{12E0AB91-978B-4B2C-8355-1CF0DF92EEDA}"
EndProject
Project("{2150E333-8FDC-42A3-9474-1A3956D46DE8}") = "Services", "Services", "{84C933FE-B431-4894-9715-C6FA89B36147}"
EndProject
Project("{2150E333-8FDC-42A3-9474-1A3956D46DE8}") = "Identity", "Identity", "{915B77D8-AD1C-4D8F-925D-42AB0DC1811F}"
EndProject
Project("{FAE04EC0-301F-11D3-BF4B-00C04F79EFBC}") = "Identity.Application", "src\Services\Identity\Identity.Application\Identity.Application.csproj", "{16660A98-1F12-4694-B01E-9A0741A385B6}"
EndProject
Project("{FAE04EC0-301F-11D3-BF4B-00C04F79EFBC}") = "Identity.Domain", "src\Services\Identity\Identity.Domain\Identity.Domain.csproj", "{4155FA89-166A-4589-AD4D-51CCE8DFAEF8}"
EndProject
Project("{FAE04EC0-301F-11D3-BF4B-00C04F79EFBC}") = "Identity.Infrastructure", "src\Services\Identity\Identity.Infrastructure\Identity.Infrastructure.csproj", "{A90B4ED4-BE42-4D4E-A865-D6D8F8443055}"
EndProject
Project("{FAE04EC0-301F-11D3-BF4B-00C04F79EFBC}") = "Identity.Api", "src\Services\Identity\Identity.Api\Identity.Api.csproj", "{ED8B32FF-C505-4721-955A-DBD702EF7072}"
EndProject
Project("{2150E333-8FDC-42A3-9474-1A3956D46DE8}") = "DotNet", "DotNet", "{9C8D7E41-14B1-477C-A272-DB6A46B8C4C1}"
EndProject
Project("{FAE04EC0-301F-11D3-BF4B-00C04F79EFBC}") = "UpWatch.Configuration", "src\Frameworks\DotNet\UpWatch.Configuration\UpWatch.Configuration.csproj", "{2B0A7F5A-035A-443C-A6E2-1D4135D7FEBB}"
EndProject
Project("{FAE04EC0-301F-11D3-BF4B-00C04F79EFBC}") = "UpWatch.Data", "src\Frameworks\DotNet\UpWatch.Data\UpWatch.Data.csproj", "{72817328-07B3-4732-8DEA-1CF193D014A9}"
EndProject
Project("{FAE04EC0-301F-11D3-BF4B-00C04F79EFBC}") = "UpWatch.Domain", "src\Frameworks\DotNet\UpWatch.Domain\UpWatch.Domain.csproj", "{5E05D175-6F36-4E45-9EBD-CEA33697B7EB}"
EndProject
Project("{FAE04EC0-301F-11D3-BF4B-00C04F79EFBC}") = "UpWatch.EntityFramework", "src\Frameworks\DotNet\UpWatch.EntityFramework\UpWatch.EntityFramework.csproj", "{4375E2D2-3A1D-43AD-8BEB-8B0137EE19EB}"
EndProject
Project("{FAE04EC0-301F-11D3-BF4B-00C04F79EFBC}") = "UpWatch.IoC", "src\Frameworks\DotNet\UpWatch.IoC\UpWatch.IoC.csproj", "{A45AB915-9B4F-4929-856E-040449A10F11}"
EndProject
Project("{FAE04EC0-301F-11D3-BF4B-00C04F79EFBC}") = "UpWatch.MediatR", "src\Frameworks\DotNet\UpWatch.MediatR\UpWatch.MediatR.csproj", "{0F113D4B-63CA-491E-B7B3-88FFDEE9FC30}"
EndProject
Project("{FAE04EC0-301F-11D3-BF4B-00C04F79EFBC}") = "UpWatch.Mvc", "src\Frameworks\DotNet\UpWatch.Mvc\UpWatch.Mvc.csproj", "{126D829C-3458-4ACE-B260-12D014E61733}"
EndProject
Project("{FAE04EC0-301F-11D3-BF4B-00C04F79EFBC}") = "UpWatch.Repositories", "src\Frameworks\DotNet\UpWatch.Repositories\UpWatch.Repositories.csproj", "{50DFF800-FB83-46AD-9D66-7CDE99A37B1E}"
EndProject
Project("{FAE04EC0-301F-11D3-BF4B-00C04F79EFBC}") = "ApiGateway", "src\ApiGateway\ApiGateway.csproj", "{959A3BB5-D1E4-4407-9AD9-479063D64150}"
EndProject
Global
	GlobalSection(SolutionConfigurationPlatforms) = preSolution
		Debug|Any CPU = Debug|Any CPU
		Release|Any CPU = Release|Any CPU
	EndGlobalSection
	GlobalSection(SolutionProperties) = preSolution
		HideSolutionNode = FALSE
	EndGlobalSection
	GlobalSection(ProjectConfigurationPlatforms) = postSolution
		{16660A98-1F12-4694-B01E-9A0741A385B6}.Debug|Any CPU.ActiveCfg = Debug|Any CPU
		{16660A98-1F12-4694-B01E-9A0741A385B6}.Debug|Any CPU.Build.0 = Debug|Any CPU
		{16660A98-1F12-4694-B01E-9A0741A385B6}.Release|Any CPU.ActiveCfg = Release|Any CPU
		{16660A98-1F12-4694-B01E-9A0741A385B6}.Release|Any CPU.Build.0 = Release|Any CPU
		{4155FA89-166A-4589-AD4D-51CCE8DFAEF8}.Debug|Any CPU.ActiveCfg = Debug|Any CPU
		{4155FA89-166A-4589-AD4D-51CCE8DFAEF8}.Debug|Any CPU.Build.0 = Debug|Any CPU
		{4155FA89-166A-4589-AD4D-51CCE8DFAEF8}.Release|Any CPU.ActiveCfg = Release|Any CPU
		{4155FA89-166A-4589-AD4D-51CCE8DFAEF8}.Release|Any CPU.Build.0 = Release|Any CPU
		{A90B4ED4-BE42-4D4E-A865-D6D8F8443055}.Debug|Any CPU.ActiveCfg = Debug|Any CPU
		{A90B4ED4-BE42-4D4E-A865-D6D8F8443055}.Debug|Any CPU.Build.0 = Debug|Any CPU
		{A90B4ED4-BE42-4D4E-A865-D6D8F8443055}.Release|Any CPU.ActiveCfg = Release|Any CPU
		{A90B4ED4-BE42-4D4E-A865-D6D8F8443055}.Release|Any CPU.Build.0 = Release|Any CPU
		{ED8B32FF-C505-4721-955A-DBD702EF7072}.Debug|Any CPU.ActiveCfg = Debug|Any CPU
		{ED8B32FF-C505-4721-955A-DBD702EF7072}.Debug|Any CPU.Build.0 = Debug|Any CPU
		{ED8B32FF-C505-4721-955A-DBD702EF7072}.Release|Any CPU.ActiveCfg = Release|Any CPU
		{ED8B32FF-C505-4721-955A-DBD702EF7072}.Release|Any CPU.Build.0 = Release|Any CPU
		{2B0A7F5A-035A-443C-A6E2-1D4135D7FEBB}.Debug|Any CPU.ActiveCfg = Debug|Any CPU
		{2B0A7F5A-035A-443C-A6E2-1D4135D7FEBB}.Debug|Any CPU.Build.0 = Debug|Any CPU
		{2B0A7F5A-035A-443C-A6E2-1D4135D7FEBB}.Release|Any CPU.ActiveCfg = Release|Any CPU
		{2B0A7F5A-035A-443C-A6E2-1D4135D7FEBB}.Release|Any CPU.Build.0 = Release|Any CPU
		{72817328-07B3-4732-8DEA-1CF193D014A9}.Debug|Any CPU.ActiveCfg = Debug|Any CPU
		{72817328-07B3-4732-8DEA-1CF193D014A9}.Debug|Any CPU.Build.0 = Debug|Any CPU
		{72817328-07B3-4732-8DEA-1CF193D014A9}.Release|Any CPU.ActiveCfg = Release|Any CPU
		{72817328-07B3-4732-8DEA-1CF193D014A9}.Release|Any CPU.Build.0 = Release|Any CPU
		{5E05D175-6F36-4E45-9EBD-CEA33697B7EB}.Debug|Any CPU.ActiveCfg = Debug|Any CPU
		{5E05D175-6F36-4E45-9EBD-CEA33697B7EB}.Debug|Any CPU.Build.0 = Debug|Any CPU
		{5E05D175-6F36-4E45-9EBD-CEA33697B7EB}.Release|Any CPU.ActiveCfg = Release|Any CPU
		{5E05D175-6F36-4E45-9EBD-CEA33697B7EB}.Release|Any CPU.Build.0 = Release|Any CPU
		{4375E2D2-3A1D-43AD-8BEB-8B0137EE19EB}.Debug|Any CPU.ActiveCfg = Debug|Any CPU
		{4375E2D2-3A1D-43AD-8BEB-8B0137EE19EB}.Debug|Any CPU.Build.0 = Debug|Any CPU
		{4375E2D2-3A1D-43AD-8BEB-8B0137EE19EB}.Release|Any CPU.ActiveCfg = Release|Any CPU
		{4375E2D2-3A1D-43AD-8BEB-8B0137EE19EB}.Release|Any CPU.Build.0 = Release|Any CPU
		{A45AB915-9B4F-4929-856E-040449A10F11}.Debug|Any CPU.ActiveCfg = Debug|Any CPU
		{A45AB915-9B4F-4929-856E-040449A10F11}.Debug|Any CPU.Build.0 = Debug|Any CPU
		{A45AB915-9B4F-4929-856E-040449A10F11}.Release|Any CPU.ActiveCfg = Release|Any CPU
		{A45AB915-9B4F-4929-856E-040449A10F11}.Release|Any CPU.Build.0 = Release|Any CPU
		{0F113D4B-63CA-491E-B7B3-88FFDEE9FC30}.Debug|Any CPU.ActiveCfg = Debug|Any CPU
		{0F113D4B-63CA-491E-B7B3-88FFDEE9FC30}.Debug|Any CPU.Build.0 = Debug|Any CPU
		{0F113D4B-63CA-491E-B7B3-88FFDEE9FC30}.Release|Any CPU.ActiveCfg = Release|Any CPU
		{0F113D4B-63CA-491E-B7B3-88FFDEE9FC30}.Release|Any CPU.Build.0 = Release|Any CPU
		{126D829C-3458-4ACE-B260-12D014E61733}.Debug|Any CPU.ActiveCfg = Debug|Any CPU
		{126D829C-3458-4ACE-B260-12D014E61733}.Debug|Any CPU.Build.0 = Debug|Any CPU
		{126D829C-3458-4ACE-B260-12D014E61733}.Release|Any CPU.ActiveCfg = Release|Any CPU
		{126D829C-3458-4ACE-B260-12D014E61733}.Release|Any CPU.Build.0 = Release|Any CPU
		{50DFF800-FB83-46AD-9D66-7CDE99A37B1E}.Debug|Any CPU.ActiveCfg = Debug|Any CPU
		{50DFF800-FB83-46AD-9D66-7CDE99A37B1E}.Debug|Any CPU.Build.0 = Debug|Any CPU
		{50DFF800-FB83-46AD-9D66-7CDE99A37B1E}.Release|Any CPU.ActiveCfg = Release|Any CPU
		{50DFF800-FB83-46AD-9D66-7CDE99A37B1E}.Release|Any CPU.Build.0 = Release|Any CPU
		{959A3BB5-D1E4-4407-9AD9-479063D64150}.Debug|Any CPU.ActiveCfg = Debug|Any CPU
		{959A3BB5-D1E4-4407-9AD9-479063D64150}.Debug|Any CPU.Build.0 = Debug|Any CPU
		{959A3BB5-D1E4-4407-9AD9-479063D64150}.Release|Any CPU.ActiveCfg = Release|Any CPU
		{959A3BB5-D1E4-4407-9AD9-479063D64150}.Release|Any CPU.Build.0 = Release|Any CPU
	EndGlobalSection
	GlobalSection(NestedProjects) = preSolution
		{12E0AB91-978B-4B2C-8355-1CF0DF92EEDA} = {41583E31-D077-44E7-AE26-212AC0CA5EDA}
		{84C933FE-B431-4894-9715-C6FA89B36147} = {41583E31-D077-44E7-AE26-212AC0CA5EDA}
		{915B77D8-AD1C-4D8F-925D-42AB0DC1811F} = {84C933FE-B431-4894-9715-C6FA89B36147}
		{16660A98-1F12-4694-B01E-9A0741A385B6} = {915B77D8-AD1C-4D8F-925D-42AB0DC1811F}
		{4155FA89-166A-4589-AD4D-51CCE8DFAEF8} = {915B77D8-AD1C-4D8F-925D-42AB0DC1811F}
		{A90B4ED4-BE42-4D4E-A865-D6D8F8443055} = {915B77D8-AD1C-4D8F-925D-42AB0DC1811F}
		{ED8B32FF-C505-4721-955A-DBD702EF7072} = {915B77D8-AD1C-4D8F-925D-42AB0DC1811F}
		{9C8D7E41-14B1-477C-A272-DB6A46B8C4C1} = {12E0AB91-978B-4B2C-8355-1CF0DF92EEDA}
		{2B0A7F5A-035A-443C-A6E2-1D4135D7FEBB} = {9C8D7E41-14B1-477C-A272-DB6A46B8C4C1}
		{72817328-07B3-4732-8DEA-1CF193D014A9} = {9C8D7E41-14B1-477C-A272-DB6A46B8C4C1}
		{5E05D175-6F36-4E45-9EBD-CEA33697B7EB} = {9C8D7E41-14B1-477C-A272-DB6A46B8C4C1}
		{4375E2D2-3A1D-43AD-8BEB-8B0137EE19EB} = {9C8D7E41-14B1-477C-A272-DB6A46B8C4C1}
		{A45AB915-9B4F-4929-856E-040449A10F11} = {9C8D7E41-14B1-477C-A272-DB6A46B8C4C1}
		{0F113D4B-63CA-491E-B7B3-88FFDEE9FC30} = {9C8D7E41-14B1-477C-A272-DB6A46B8C4C1}
		{126D829C-3458-4ACE-B260-12D014E61733} = {9C8D7E41-14B1-477C-A272-DB6A46B8C4C1}
		{50DFF800-FB83-46AD-9D66-7CDE99A37B1E} = {9C8D7E41-14B1-477C-A272-DB6A46B8C4C1}
		{959A3BB5-D1E4-4407-9AD9-479063D64150} = {41583E31-D077-44E7-AE26-212AC0CA5EDA}
	EndGlobalSection
EndGlobal
